
Microsoft Visual Studio Solution File, Format Version 12.00
# Visual Studio Version 16
VisualStudioVersion = 16.0.29411.108
MinimumVisualStudioVersion = 10.0.40219.1
Project("{9A19103F-16F7-4668-BE54-9A1E7A4F7556}") = "Penguin.Cms.Navigation", "Penguin.Cms.Navigation.csproj", "{A2DBCCA1-9F8F-4239-A47E-A1939387C5C5}"
EndProject
Global
	GlobalSection(SolutionConfigurationPlatforms) = preSolution
		Debug|Any CPU = Debug|Any CPU
		Release|Any CPU = Release|Any CPU
	EndGlobalSection
	GlobalSection(ProjectConfigurationPlatforms) = postSolution
		{A2DBCCA1-9F8F-4239-A47E-A1939387C5C5}.Debug|Any CPU.ActiveCfg = Debug|Any CPU
		{A2DBCCA1-9F8F-4239-A47E-A1939387C5C5}.Debug|Any CPU.Build.0 = Debug|Any CPU
		{A2DBCCA1-9F8F-4239-A47E-A1939387C5C5}.Release|Any CPU.ActiveCfg = Release|Any CPU
		{A2DBCCA1-9F8F-4239-A47E-A1939387C5C5}.Release|Any CPU.Build.0 = Release|Any CPU
	EndGlobalSection
	GlobalSection(SolutionProperties) = preSolution
		HideSolutionNode = FALSE
	EndGlobalSection
	GlobalSection(ExtensibilityGlobals) = postSolution
		SolutionGuid = {006ED5F8-946F-4C3A-8FB9-650FAACA1751}
	EndGlobalSection
EndGlobal
