
Microsoft Visual Studio Solution File, Format Version 12.00
# Visual Studio Version 16
VisualStudioVersion = 16.6.30114.105
MinimumVisualStudioVersion = 10.0.40219.1
Project("{FAE04EC0-301F-11D3-BF4B-00C04F79EFBC}") = "Penguin.Cms.Navigation.Local", "Penguin.Cms.Navigation.Local.csproj", "{341C0EEE-4864-484B-962A-44357E10E986}"
EndProject
Project("{FAE04EC0-301F-11D3-BF4B-00C04F79EFBC}") = "Penguin.Navigation.Abstractions.Local", "..\Penguin.Navigation.Abstractions\Penguin.Navigation.Abstractions.Local.csproj", "{2E33C128-6872-4046-A2D2-C06EF580C1E7}"
EndProject
Project("{FAE04EC0-301F-11D3-BF4B-00C04F79EFBC}") = "Penguin.Shared.Objects.Local", "..\Penguin.Shared.Objects\Penguin.Shared.Objects.Local.csproj", "{E4231855-C911-46E6-9F9B-481F46FAAC41}"
EndProject
Project("{FAE04EC0-301F-11D3-BF4B-00C04F79EFBC}") = "Penguin.Extensions.String.Local", "..\Penguin.Extensions.String\Penguin.Extensions.String.Local.csproj", "{BFD10FE8-9AEE-47C9-974E-22B5E5F5D3F7}"
EndProject
Project("{FAE04EC0-301F-11D3-BF4B-00C04F79EFBC}") = "Penguin.Cms.Abstractions.Local", "..\Penguin.Cms.Abstractions\Penguin.Cms.Abstractions.Local.csproj", "{4034CC8B-64BD-4A87-8E00-B1D62D4359A8}"
EndProject
Project("{FAE04EC0-301F-11D3-BF4B-00C04F79EFBC}") = "Penguin.DependencyInjection.Abstractions.Local", "..\Penguin.DependencyInjection.Abstractions\Penguin.DependencyInjection.Abstractions.Local.csproj", "{EF19E9C0-84F5-42B8-9BF0-84409AEF2CF3}"
EndProject
Project("{FAE04EC0-301F-11D3-BF4B-00C04F79EFBC}") = "Penguin.Persistence.Abstractions.Local", "..\Penguin.Persistence.Abstractions\Penguin.Persistence.Abstractions.Local.csproj", "{9399D10D-E059-45C2-9844-B2C7BC03C2D3}"
EndProject
Project("{FAE04EC0-301F-11D3-BF4B-00C04F79EFBC}") = "Penguin.Entities.Abstractions.Local", "..\Penguin.Entities.Abstractions\Penguin.Entities.Abstractions.Local.csproj", "{38CAFB9B-2E0D-4B79-AE1F-C596BAF3DCBC}"
EndProject
Project("{FAE04EC0-301F-11D3-BF4B-00C04F79EFBC}") = "Penguin.Reflection.Extensions.Local", "..\Penguin.Reflection.Extensions\Penguin.Reflection.Extensions.Local.csproj", "{7CFE76A1-FB39-4F58-B67F-3BEFB07BB1AF}"
EndProject
Project("{FAE04EC0-301F-11D3-BF4B-00C04F79EFBC}") = "Penguin.Reflection.Abstractions.Local", "..\Penguin.Reflection.Abstractions\Penguin.Reflection.Abstractions.Local.csproj", "{30B09C33-0AD8-4043-8BF8-4B46DFFC125B}"
EndProject
Project("{FAE04EC0-301F-11D3-BF4B-00C04F79EFBC}") = "Penguin.Cms.Entities.Local", "..\Penguin.Cms.Entities\Penguin.Cms.Entities.Local.csproj", "{27DC3163-3017-49CB-9F7A-7046953A6E40}"
EndProject
Global
	GlobalSection(SolutionConfigurationPlatforms) = preSolution
		Debug|Any CPU = Debug|Any CPU
		Debug|x64 = Debug|x64
		Debug|x86 = Debug|x86
		Release|Any CPU = Release|Any CPU
		Release|x64 = Release|x64
		Release|x86 = Release|x86
	EndGlobalSection
	GlobalSection(SolutionProperties) = preSolution
		HideSolutionNode = FALSE
	EndGlobalSection
	GlobalSection(ProjectConfigurationPlatforms) = postSolution
		{341C0EEE-4864-484B-962A-44357E10E986}.Debug|Any CPU.ActiveCfg = Debug|Any CPU
		{341C0EEE-4864-484B-962A-44357E10E986}.Debug|Any CPU.Build.0 = Debug|Any CPU
		{341C0EEE-4864-484B-962A-44357E10E986}.Debug|x64.ActiveCfg = Debug|Any CPU
		{341C0EEE-4864-484B-962A-44357E10E986}.Debug|x64.Build.0 = Debug|Any CPU
		{341C0EEE-4864-484B-962A-44357E10E986}.Debug|x86.ActiveCfg = Debug|Any CPU
		{341C0EEE-4864-484B-962A-44357E10E986}.Debug|x86.Build.0 = Debug|Any CPU
		{341C0EEE-4864-484B-962A-44357E10E986}.Release|Any CPU.ActiveCfg = Release|Any CPU
		{341C0EEE-4864-484B-962A-44357E10E986}.Release|Any CPU.Build.0 = Release|Any CPU
		{341C0EEE-4864-484B-962A-44357E10E986}.Release|x64.ActiveCfg = Release|Any CPU
		{341C0EEE-4864-484B-962A-44357E10E986}.Release|x64.Build.0 = Release|Any CPU
		{341C0EEE-4864-484B-962A-44357E10E986}.Release|x86.ActiveCfg = Release|Any CPU
		{341C0EEE-4864-484B-962A-44357E10E986}.Release|x86.Build.0 = Release|Any CPU
		{2E33C128-6872-4046-A2D2-C06EF580C1E7}.Debug|Any CPU.ActiveCfg = Debug|Any CPU
		{2E33C128-6872-4046-A2D2-C06EF580C1E7}.Debug|Any CPU.Build.0 = Debug|Any CPU
		{2E33C128-6872-4046-A2D2-C06EF580C1E7}.Debug|x64.ActiveCfg = Debug|Any CPU
		{2E33C128-6872-4046-A2D2-C06EF580C1E7}.Debug|x64.Build.0 = Debug|Any CPU
		{2E33C128-6872-4046-A2D2-C06EF580C1E7}.Debug|x86.ActiveCfg = Debug|Any CPU
		{2E33C128-6872-4046-A2D2-C06EF580C1E7}.Debug|x86.Build.0 = Debug|Any CPU
		{2E33C128-6872-4046-A2D2-C06EF580C1E7}.Release|Any CPU.ActiveCfg = Release|Any CPU
		{2E33C128-6872-4046-A2D2-C06EF580C1E7}.Release|Any CPU.Build.0 = Release|Any CPU
		{2E33C128-6872-4046-A2D2-C06EF580C1E7}.Release|x64.ActiveCfg = Release|Any CPU
		{2E33C128-6872-4046-A2D2-C06EF580C1E7}.Release|x64.Build.0 = Release|Any CPU
		{2E33C128-6872-4046-A2D2-C06EF580C1E7}.Release|x86.ActiveCfg = Release|Any CPU
		{2E33C128-6872-4046-A2D2-C06EF580C1E7}.Release|x86.Build.0 = Release|Any CPU
		{E4231855-C911-46E6-9F9B-481F46FAAC41}.Debug|Any CPU.ActiveCfg = Debug|Any CPU
		{E4231855-C911-46E6-9F9B-481F46FAAC41}.Debug|Any CPU.Build.0 = Debug|Any CPU
		{E4231855-C911-46E6-9F9B-481F46FAAC41}.Debug|x64.ActiveCfg = Debug|Any CPU
		{E4231855-C911-46E6-9F9B-481F46FAAC41}.Debug|x64.Build.0 = Debug|Any CPU
		{E4231855-C911-46E6-9F9B-481F46FAAC41}.Debug|x86.ActiveCfg = Debug|Any CPU
		{E4231855-C911-46E6-9F9B-481F46FAAC41}.Debug|x86.Build.0 = Debug|Any CPU
		{E4231855-C911-46E6-9F9B-481F46FAAC41}.Release|Any CPU.ActiveCfg = Release|Any CPU
		{E4231855-C911-46E6-9F9B-481F46FAAC41}.Release|Any CPU.Build.0 = Release|Any CPU
		{E4231855-C911-46E6-9F9B-481F46FAAC41}.Release|x64.ActiveCfg = Release|Any CPU
		{E4231855-C911-46E6-9F9B-481F46FAAC41}.Release|x64.Build.0 = Release|Any CPU
		{E4231855-C911-46E6-9F9B-481F46FAAC41}.Release|x86.ActiveCfg = Release|Any CPU
		{E4231855-C911-46E6-9F9B-481F46FAAC41}.Release|x86.Build.0 = Release|Any CPU
		{BFD10FE8-9AEE-47C9-974E-22B5E5F5D3F7}.Debug|Any CPU.ActiveCfg = Debug|Any CPU
		{BFD10FE8-9AEE-47C9-974E-22B5E5F5D3F7}.Debug|Any CPU.Build.0 = Debug|Any CPU
		{BFD10FE8-9AEE-47C9-974E-22B5E5F5D3F7}.Debug|x64.ActiveCfg = Debug|Any CPU
		{BFD10FE8-9AEE-47C9-974E-22B5E5F5D3F7}.Debug|x64.Build.0 = Debug|Any CPU
		{BFD10FE8-9AEE-47C9-974E-22B5E5F5D3F7}.Debug|x86.ActiveCfg = Debug|Any CPU
		{BFD10FE8-9AEE-47C9-974E-22B5E5F5D3F7}.Debug|x86.Build.0 = Debug|Any CPU
		{BFD10FE8-9AEE-47C9-974E-22B5E5F5D3F7}.Release|Any CPU.ActiveCfg = Release|Any CPU
		{BFD10FE8-9AEE-47C9-974E-22B5E5F5D3F7}.Release|Any CPU.Build.0 = Release|Any CPU
		{BFD10FE8-9AEE-47C9-974E-22B5E5F5D3F7}.Release|x64.ActiveCfg = Release|Any CPU
		{BFD10FE8-9AEE-47C9-974E-22B5E5F5D3F7}.Release|x64.Build.0 = Release|Any CPU
		{BFD10FE8-9AEE-47C9-974E-22B5E5F5D3F7}.Release|x86.ActiveCfg = Release|Any CPU
		{BFD10FE8-9AEE-47C9-974E-22B5E5F5D3F7}.Release|x86.Build.0 = Release|Any CPU
		{4034CC8B-64BD-4A87-8E00-B1D62D4359A8}.Debug|Any CPU.ActiveCfg = Debug|Any CPU
		{4034CC8B-64BD-4A87-8E00-B1D62D4359A8}.Debug|Any CPU.Build.0 = Debug|Any CPU
		{4034CC8B-64BD-4A87-8E00-B1D62D4359A8}.Debug|x64.ActiveCfg = Debug|Any CPU
		{4034CC8B-64BD-4A87-8E00-B1D62D4359A8}.Debug|x64.Build.0 = Debug|Any CPU
		{4034CC8B-64BD-4A87-8E00-B1D62D4359A8}.Debug|x86.ActiveCfg = Debug|Any CPU
		{4034CC8B-64BD-4A87-8E00-B1D62D4359A8}.Debug|x86.Build.0 = Debug|Any CPU
		{4034CC8B-64BD-4A87-8E00-B1D62D4359A8}.Release|Any CPU.ActiveCfg = Release|Any CPU
		{4034CC8B-64BD-4A87-8E00-B1D62D4359A8}.Release|Any CPU.Build.0 = Release|Any CPU
		{4034CC8B-64BD-4A87-8E00-B1D62D4359A8}.Release|x64.ActiveCfg = Release|Any CPU
		{4034CC8B-64BD-4A87-8E00-B1D62D4359A8}.Release|x64.Build.0 = Release|Any CPU
		{4034CC8B-64BD-4A87-8E00-B1D62D4359A8}.Release|x86.ActiveCfg = Release|Any CPU
		{4034CC8B-64BD-4A87-8E00-B1D62D4359A8}.Release|x86.Build.0 = Release|Any CPU
		{EF19E9C0-84F5-42B8-9BF0-84409AEF2CF3}.Debug|Any CPU.ActiveCfg = Debug|Any CPU
		{EF19E9C0-84F5-42B8-9BF0-84409AEF2CF3}.Debug|Any CPU.Build.0 = Debug|Any CPU
		{EF19E9C0-84F5-42B8-9BF0-84409AEF2CF3}.Debug|x64.ActiveCfg = Debug|Any CPU
		{EF19E9C0-84F5-42B8-9BF0-84409AEF2CF3}.Debug|x64.Build.0 = Debug|Any CPU
		{EF19E9C0-84F5-42B8-9BF0-84409AEF2CF3}.Debug|x86.ActiveCfg = Debug|Any CPU
		{EF19E9C0-84F5-42B8-9BF0-84409AEF2CF3}.Debug|x86.Build.0 = Debug|Any CPU
		{EF19E9C0-84F5-42B8-9BF0-84409AEF2CF3}.Release|Any CPU.ActiveCfg = Release|Any CPU
		{EF19E9C0-84F5-42B8-9BF0-84409AEF2CF3}.Release|Any CPU.Build.0 = Release|Any CPU
		{EF19E9C0-84F5-42B8-9BF0-84409AEF2CF3}.Release|x64.ActiveCfg = Release|Any CPU
		{EF19E9C0-84F5-42B8-9BF0-84409AEF2CF3}.Release|x64.Build.0 = Release|Any CPU
		{EF19E9C0-84F5-42B8-9BF0-84409AEF2CF3}.Release|x86.ActiveCfg = Release|Any CPU
		{EF19E9C0-84F5-42B8-9BF0-84409AEF2CF3}.Release|x86.Build.0 = Release|Any CPU
		{9399D10D-E059-45C2-9844-B2C7BC03C2D3}.Debug|Any CPU.ActiveCfg = Debug|Any CPU
		{9399D10D-E059-45C2-9844-B2C7BC03C2D3}.Debug|Any CPU.Build.0 = Debug|Any CPU
		{9399D10D-E059-45C2-9844-B2C7BC03C2D3}.Debug|x64.ActiveCfg = Debug|Any CPU
		{9399D10D-E059-45C2-9844-B2C7BC03C2D3}.Debug|x64.Build.0 = Debug|Any CPU
		{9399D10D-E059-45C2-9844-B2C7BC03C2D3}.Debug|x86.ActiveCfg = Debug|Any CPU
		{9399D10D-E059-45C2-9844-B2C7BC03C2D3}.Debug|x86.Build.0 = Debug|Any CPU
		{9399D10D-E059-45C2-9844-B2C7BC03C2D3}.Release|Any CPU.ActiveCfg = Release|Any CPU
		{9399D10D-E059-45C2-9844-B2C7BC03C2D3}.Release|Any CPU.Build.0 = Release|Any CPU
		{9399D10D-E059-45C2-9844-B2C7BC03C2D3}.Release|x64.ActiveCfg = Release|Any CPU
		{9399D10D-E059-45C2-9844-B2C7BC03C2D3}.Release|x64.Build.0 = Release|Any CPU
		{9399D10D-E059-45C2-9844-B2C7BC03C2D3}.Release|x86.ActiveCfg = Release|Any CPU
		{9399D10D-E059-45C2-9844-B2C7BC03C2D3}.Release|x86.Build.0 = Release|Any CPU
		{38CAFB9B-2E0D-4B79-AE1F-C596BAF3DCBC}.Debug|Any CPU.ActiveCfg = Debug|Any CPU
		{38CAFB9B-2E0D-4B79-AE1F-C596BAF3DCBC}.Debug|Any CPU.Build.0 = Debug|Any CPU
		{38CAFB9B-2E0D-4B79-AE1F-C596BAF3DCBC}.Debug|x64.ActiveCfg = Debug|Any CPU
		{38CAFB9B-2E0D-4B79-AE1F-C596BAF3DCBC}.Debug|x64.Build.0 = Debug|Any CPU
		{38CAFB9B-2E0D-4B79-AE1F-C596BAF3DCBC}.Debug|x86.ActiveCfg = Debug|Any CPU
		{38CAFB9B-2E0D-4B79-AE1F-C596BAF3DCBC}.Debug|x86.Build.0 = Debug|Any CPU
		{38CAFB9B-2E0D-4B79-AE1F-C596BAF3DCBC}.Release|Any CPU.ActiveCfg = Release|Any CPU
		{38CAFB9B-2E0D-4B79-AE1F-C596BAF3DCBC}.Release|Any CPU.Build.0 = Release|Any CPU
		{38CAFB9B-2E0D-4B79-AE1F-C596BAF3DCBC}.Release|x64.ActiveCfg = Release|Any CPU
		{38CAFB9B-2E0D-4B79-AE1F-C596BAF3DCBC}.Release|x64.Build.0 = Release|Any CPU
		{38CAFB9B-2E0D-4B79-AE1F-C596BAF3DCBC}.Release|x86.ActiveCfg = Release|Any CPU
		{38CAFB9B-2E0D-4B79-AE1F-C596BAF3DCBC}.Release|x86.Build.0 = Release|Any CPU
		{7CFE76A1-FB39-4F58-B67F-3BEFB07BB1AF}.Debug|Any CPU.ActiveCfg = Debug|Any CPU
		{7CFE76A1-FB39-4F58-B67F-3BEFB07BB1AF}.Debug|Any CPU.Build.0 = Debug|Any CPU
		{7CFE76A1-FB39-4F58-B67F-3BEFB07BB1AF}.Debug|x64.ActiveCfg = Debug|Any CPU
		{7CFE76A1-FB39-4F58-B67F-3BEFB07BB1AF}.Debug|x64.Build.0 = Debug|Any CPU
		{7CFE76A1-FB39-4F58-B67F-3BEFB07BB1AF}.Debug|x86.ActiveCfg = Debug|Any CPU
		{7CFE76A1-FB39-4F58-B67F-3BEFB07BB1AF}.Debug|x86.Build.0 = Debug|Any CPU
		{7CFE76A1-FB39-4F58-B67F-3BEFB07BB1AF}.Release|Any CPU.ActiveCfg = Release|Any CPU
		{7CFE76A1-FB39-4F58-B67F-3BEFB07BB1AF}.Release|Any CPU.Build.0 = Release|Any CPU
		{7CFE76A1-FB39-4F58-B67F-3BEFB07BB1AF}.Release|x64.ActiveCfg = Release|Any CPU
		{7CFE76A1-FB39-4F58-B67F-3BEFB07BB1AF}.Release|x64.Build.0 = Release|Any CPU
		{7CFE76A1-FB39-4F58-B67F-3BEFB07BB1AF}.Release|x86.ActiveCfg = Release|Any CPU
		{7CFE76A1-FB39-4F58-B67F-3BEFB07BB1AF}.Release|x86.Build.0 = Release|Any CPU
		{30B09C33-0AD8-4043-8BF8-4B46DFFC125B}.Debug|Any CPU.ActiveCfg = Debug|Any CPU
		{30B09C33-0AD8-4043-8BF8-4B46DFFC125B}.Debug|Any CPU.Build.0 = Debug|Any CPU
		{30B09C33-0AD8-4043-8BF8-4B46DFFC125B}.Debug|x64.ActiveCfg = Debug|Any CPU
		{30B09C33-0AD8-4043-8BF8-4B46DFFC125B}.Debug|x64.Build.0 = Debug|Any CPU
		{30B09C33-0AD8-4043-8BF8-4B46DFFC125B}.Debug|x86.ActiveCfg = Debug|Any CPU
		{30B09C33-0AD8-4043-8BF8-4B46DFFC125B}.Debug|x86.Build.0 = Debug|Any CPU
		{30B09C33-0AD8-4043-8BF8-4B46DFFC125B}.Release|Any CPU.ActiveCfg = Release|Any CPU
		{30B09C33-0AD8-4043-8BF8-4B46DFFC125B}.Release|Any CPU.Build.0 = Release|Any CPU
		{30B09C33-0AD8-4043-8BF8-4B46DFFC125B}.Release|x64.ActiveCfg = Release|Any CPU
		{30B09C33-0AD8-4043-8BF8-4B46DFFC125B}.Release|x64.Build.0 = Release|Any CPU
		{30B09C33-0AD8-4043-8BF8-4B46DFFC125B}.Release|x86.ActiveCfg = Release|Any CPU
		{30B09C33-0AD8-4043-8BF8-4B46DFFC125B}.Release|x86.Build.0 = Release|Any CPU
		{27DC3163-3017-49CB-9F7A-7046953A6E40}.Debug|Any CPU.ActiveCfg = Debug|Any CPU
		{27DC3163-3017-49CB-9F7A-7046953A6E40}.Debug|Any CPU.Build.0 = Debug|Any CPU
		{27DC3163-3017-49CB-9F7A-7046953A6E40}.Debug|x64.ActiveCfg = Debug|Any CPU
		{27DC3163-3017-49CB-9F7A-7046953A6E40}.Debug|x64.Build.0 = Debug|Any CPU
		{27DC3163-3017-49CB-9F7A-7046953A6E40}.Debug|x86.ActiveCfg = Debug|Any CPU
		{27DC3163-3017-49CB-9F7A-7046953A6E40}.Debug|x86.Build.0 = Debug|Any CPU
		{27DC3163-3017-49CB-9F7A-7046953A6E40}.Release|Any CPU.ActiveCfg = Release|Any CPU
		{27DC3163-3017-49CB-9F7A-7046953A6E40}.Release|Any CPU.Build.0 = Release|Any CPU
		{27DC3163-3017-49CB-9F7A-7046953A6E40}.Release|x64.ActiveCfg = Release|Any CPU
		{27DC3163-3017-49CB-9F7A-7046953A6E40}.Release|x64.Build.0 = Release|Any CPU
		{27DC3163-3017-49CB-9F7A-7046953A6E40}.Release|x86.ActiveCfg = Release|Any CPU
		{27DC3163-3017-49CB-9F7A-7046953A6E40}.Release|x86.Build.0 = Release|Any CPU
	EndGlobalSection
EndGlobal
